// !$*UTF8*$!
{
	archiveVersion = 1;
	classes = {
	};
	objectVersion = 50;
	objects = {

/* Begin PBXBuildFile section */
		755465662BB41AE4008AE080 /* AppDelegate.swift in Sources */ = {isa = PBXBuildFile; fileRef = 755465652BB41AE4008AE080 /* AppDelegate.swift */; };
		755465682BB41AE4008AE080 /* SceneDelegate.swift in Sources */ = {isa = PBXBuildFile; fileRef = 755465672BB41AE4008AE080 /* SceneDelegate.swift */; };
		7554656A2BB41AE4008AE080 /* ViewController.swift in Sources */ = {isa = PBXBuildFile; fileRef = 755465692BB41AE4008AE080 /* ViewController.swift */; };
		7554656F2BB41AE6008AE080 /* Assets.xcassets in Resources */ = {isa = PBXBuildFile; fileRef = 7554656E2BB41AE6008AE080 /* Assets.xcassets */; };
		755465722BB41AE6008AE080 /* LaunchScreen.storyboard in Resources */ = {isa = PBXBuildFile; fileRef = 755465702BB41AE6008AE080 /* LaunchScreen.storyboard */; };
		755465822BB41B40008AE080 /* PhotoCell.swift in Sources */ = {isa = PBXBuildFile; fileRef = 7554657B2BB41B40008AE080 /* PhotoCell.swift */; };
		755465832BB41B40008AE080 /* FriendViewController.swift in Sources */ = {isa = PBXBuildFile; fileRef = 7554657C2BB41B40008AE080 /* FriendViewController.swift */; };
		755465842BB41B40008AE080 /* GroupsViewController.swift in Sources */ = {isa = PBXBuildFile; fileRef = 7554657D2BB41B40008AE080 /* GroupsViewController.swift */; };
		755465852BB41B40008AE080 /* GroupCell.swift in Sources */ = {isa = PBXBuildFile; fileRef = 7554657E2BB41B40008AE080 /* GroupCell.swift */; };
		755465862BB41B40008AE080 /* FriendCell.swift in Sources */ = {isa = PBXBuildFile; fileRef = 7554657F2BB41B40008AE080 /* FriendCell.swift */; };
		755465872BB41B40008AE080 /* Constants.swift in Sources */ = {isa = PBXBuildFile; fileRef = 755465802BB41B40008AE080 /* Constants.swift */; };
		755465882BB41B40008AE080 /* PhotosViewController.swift in Sources */ = {isa = PBXBuildFile; fileRef = 755465812BB41B40008AE080 /* PhotosViewController.swift */; };
		7554658D2BB42C81008AE080 /* ImageViewController.swift in Sources */ = {isa = PBXBuildFile; fileRef = 7554658C2BB42C81008AE080 /* ImageViewController.swift */; };
		755465922BB43076008AE080 /* NetworkService.swift in Sources */ = {isa = PBXBuildFile; fileRef = 755465912BB43076008AE080 /* NetworkService.swift */; };
		7554659C2BB430EA008AE080 /* FriendsModel.swift in Sources */ = {isa = PBXBuildFile; fileRef = 7554659B2BB430EA008AE080 /* FriendsModel.swift */; };
		755465A02BB430EF008AE080 /* PhotosModel.swift in Sources */ = {isa = PBXBuildFile; fileRef = 7554659E2BB430EE008AE080 /* PhotosModel.swift */; };
		755465A12BB430EF008AE080 /* GroupsModel.swift in Sources */ = {isa = PBXBuildFile; fileRef = 7554659F2BB430EF008AE080 /* GroupsModel.swift */; };
		75B206602BB5D88F008DB8A0 /* Theme.swift in Sources */ = {isa = PBXBuildFile; fileRef = 75B2065F2BB5D88F008DB8A0 /* Theme.swift */; };
		75B206632BB5DAA5008DB8A0 /* ThemeSaver.swift in Sources */ = {isa = PBXBuildFile; fileRef = 75B206622BB5DAA5008DB8A0 /* ThemeSaver.swift */; };
		75B206662BB5DB61008DB8A0 /* ProfileViewController.swift in Sources */ = {isa = PBXBuildFile; fileRef = 75B206652BB5DB61008DB8A0 /* ProfileViewController.swift */; };
		75B206692BB5DB99008DB8A0 /* ThemeView.swift in Sources */ = {isa = PBXBuildFile; fileRef = 75B206682BB5DB99008DB8A0 /* ThemeView.swift */; };
		75B2066C2BB5DCB7008DB8A0 /* FileCache.swift in Sources */ = {isa = PBXBuildFile; fileRef = 75B2066B2BB5DCB7008DB8A0 /* FileCache.swift */; };
		75B2066F2BB5DD04008DB8A0 /* DateHelper.swift in Sources */ = {isa = PBXBuildFile; fileRef = 75B2066E2BB5DD04008DB8A0 /* DateHelper.swift */; };
		75B206722BB5DD32008DB8A0 /* UserModel.swift in Sources */ = {isa = PBXBuildFile; fileRef = 75B206712BB5DD32008DB8A0 /* UserModel.swift */; };
		75B2067E2BB5F7E1008DB8A0 /* DataModel.xcdatamodeld in Sources */ = {isa = PBXBuildFile; fileRef = 75B2067C2BB5F7E1008DB8A0 /* DataModel.xcdatamodeld */; };
		75F630D72BB747F700AE1D45 /* swift_2_projectTests.swift in Sources */ = {isa = PBXBuildFile; fileRef = 75F630D62BB747F700AE1D45 /* swift_2_projectTests.swift */; };
		75F630E92BB7569700AE1D45 /* FriendViewControllerTest.swift in Sources */ = {isa = PBXBuildFile; fileRef = 75F630E82BB7569700AE1D45 /* FriendViewControllerTest.swift */; };
/* End PBXBuildFile section */

/* Begin PBXContainerItemProxy section */
		75F630D92BB747F700AE1D45 /* PBXContainerItemProxy */ = {
			isa = PBXContainerItemProxy;
			containerPortal = 7554655A2BB41AE4008AE080 /* Project object */;
			proxyType = 1;
			remoteGlobalIDString = 755465612BB41AE4008AE080;
			remoteInfo = swift_2_project;
		};
/* End PBXContainerItemProxy section */

/* Begin PBXFileReference section */
		755465622BB41AE4008AE080 /* swift_2_project.app */ = {isa = PBXFileReference; explicitFileType = wrapper.application; includeInIndex = 0; path = swift_2_project.app; sourceTree = BUILT_PRODUCTS_DIR; };
		755465652BB41AE4008AE080 /* AppDelegate.swift */ = {isa = PBXFileReference; lastKnownFileType = sourcecode.swift; path = AppDelegate.swift; sourceTree = "<group>"; };
		755465672BB41AE4008AE080 /* SceneDelegate.swift */ = {isa = PBXFileReference; lastKnownFileType = sourcecode.swift; path = SceneDelegate.swift; sourceTree = "<group>"; };
		755465692BB41AE4008AE080 /* ViewController.swift */ = {isa = PBXFileReference; lastKnownFileType = sourcecode.swift; path = ViewController.swift; sourceTree = "<group>"; };
		7554656E2BB41AE6008AE080 /* Assets.xcassets */ = {isa = PBXFileReference; lastKnownFileType = folder.assetcatalog; path = Assets.xcassets; sourceTree = "<group>"; };
		755465712BB41AE6008AE080 /* Base */ = {isa = PBXFileReference; lastKnownFileType = file.storyboard; name = Base; path = Base.lproj/LaunchScreen.storyboard; sourceTree = "<group>"; };
		755465732BB41AE6008AE080 /* Info.plist */ = {isa = PBXFileReference; lastKnownFileType = text.plist.xml; path = Info.plist; sourceTree = "<group>"; };
		7554657B2BB41B40008AE080 /* PhotoCell.swift */ = {isa = PBXFileReference; fileEncoding = 4; lastKnownFileType = sourcecode.swift; name = PhotoCell.swift; path = "../../../../Examples/GB.CreateApp.Homework1 — копия 2/GB.CreateApp.Homework1/PhotoCell.swift"; sourceTree = "<group>"; };
		7554657C2BB41B40008AE080 /* FriendViewController.swift */ = {isa = PBXFileReference; fileEncoding = 4; lastKnownFileType = sourcecode.swift; name = FriendViewController.swift; path = "../../../../Examples/GB.CreateApp.Homework1 — копия 2/GB.CreateApp.Homework1/FriendViewController.swift"; sourceTree = "<group>"; };
		7554657D2BB41B40008AE080 /* GroupsViewController.swift */ = {isa = PBXFileReference; fileEncoding = 4; lastKnownFileType = sourcecode.swift; name = GroupsViewController.swift; path = "../../../../Examples/GB.CreateApp.Homework1 — копия 2/GB.CreateApp.Homework1/GroupsViewController.swift"; sourceTree = "<group>"; };
		7554657E2BB41B40008AE080 /* GroupCell.swift */ = {isa = PBXFileReference; fileEncoding = 4; lastKnownFileType = sourcecode.swift; name = GroupCell.swift; path = "../../../../Examples/GB.CreateApp.Homework1 — копия 2/GB.CreateApp.Homework1/GroupCell.swift"; sourceTree = "<group>"; };
		7554657F2BB41B40008AE080 /* FriendCell.swift */ = {isa = PBXFileReference; fileEncoding = 4; lastKnownFileType = sourcecode.swift; name = FriendCell.swift; path = "../../../../Examples/GB.CreateApp.Homework1 — копия 2/GB.CreateApp.Homework1/FriendCell.swift"; sourceTree = "<group>"; };
		755465802BB41B40008AE080 /* Constants.swift */ = {isa = PBXFileReference; fileEncoding = 4; lastKnownFileType = sourcecode.swift; name = Constants.swift; path = "../../../../Examples/GB.CreateApp.Homework1 — копия 2/GB.CreateApp.Homework1/Constants.swift"; sourceTree = "<group>"; };
		755465812BB41B40008AE080 /* PhotosViewController.swift */ = {isa = PBXFileReference; fileEncoding = 4; lastKnownFileType = sourcecode.swift; name = PhotosViewController.swift; path = "../../../../Examples/GB.CreateApp.Homework1 — копия 2/GB.CreateApp.Homework1/PhotosViewController.swift"; sourceTree = "<group>"; };
		7554658C2BB42C81008AE080 /* ImageViewController.swift */ = {isa = PBXFileReference; lastKnownFileType = sourcecode.swift; path = ImageViewController.swift; sourceTree = "<group>"; };
		755465912BB43076008AE080 /* NetworkService.swift */ = {isa = PBXFileReference; lastKnownFileType = sourcecode.swift; path = NetworkService.swift; sourceTree = "<group>"; };
		7554659B2BB430EA008AE080 /* FriendsModel.swift */ = {isa = PBXFileReference; lastKnownFileType = sourcecode.swift; path = FriendsModel.swift; sourceTree = "<group>"; };
		7554659E2BB430EE008AE080 /* PhotosModel.swift */ = {isa = PBXFileReference; lastKnownFileType = sourcecode.swift; path = PhotosModel.swift; sourceTree = "<group>"; };
		7554659F2BB430EF008AE080 /* GroupsModel.swift */ = {isa = PBXFileReference; lastKnownFileType = sourcecode.swift; path = GroupsModel.swift; sourceTree = "<group>"; };
		75B2065F2BB5D88F008DB8A0 /* Theme.swift */ = {isa = PBXFileReference; lastKnownFileType = sourcecode.swift; path = Theme.swift; sourceTree = "<group>"; };
		75B206622BB5DAA5008DB8A0 /* ThemeSaver.swift */ = {isa = PBXFileReference; lastKnownFileType = sourcecode.swift; path = ThemeSaver.swift; sourceTree = "<group>"; };
		75B206652BB5DB61008DB8A0 /* ProfileViewController.swift */ = {isa = PBXFileReference; lastKnownFileType = sourcecode.swift; path = ProfileViewController.swift; sourceTree = "<group>"; };
		75B206682BB5DB99008DB8A0 /* ThemeView.swift */ = {isa = PBXFileReference; lastKnownFileType = sourcecode.swift; path = ThemeView.swift; sourceTree = "<group>"; };
		75B2066B2BB5DCB7008DB8A0 /* FileCache.swift */ = {isa = PBXFileReference; lastKnownFileType = sourcecode.swift; path = FileCache.swift; sourceTree = "<group>"; };
		75B2066E2BB5DD04008DB8A0 /* DateHelper.swift */ = {isa = PBXFileReference; lastKnownFileType = sourcecode.swift; path = DateHelper.swift; sourceTree = "<group>"; };
		75B206712BB5DD32008DB8A0 /* UserModel.swift */ = {isa = PBXFileReference; lastKnownFileType = sourcecode.swift; path = UserModel.swift; sourceTree = "<group>"; };
		75B2067D2BB5F7E1008DB8A0 /* DataModel.xcdatamodel */ = {isa = PBXFileReference; lastKnownFileType = wrapper.xcdatamodel; path = DataModel.xcdatamodel; sourceTree = "<group>"; };
		75F630D42BB747F700AE1D45 /* swift_2_projectTests.xctest */ = {isa = PBXFileReference; explicitFileType = wrapper.cfbundle; includeInIndex = 0; path = swift_2_projectTests.xctest; sourceTree = BUILT_PRODUCTS_DIR; };
		75F630D62BB747F700AE1D45 /* swift_2_projectTests.swift */ = {isa = PBXFileReference; lastKnownFileType = sourcecode.swift; path = swift_2_projectTests.swift; sourceTree = "<group>"; };
		75F630D82BB747F700AE1D45 /* Info.plist */ = {isa = PBXFileReference; lastKnownFileType = text.plist.xml; path = Info.plist; sourceTree = "<group>"; };
		75F630E82BB7569700AE1D45 /* FriendViewControllerTest.swift */ = {isa = PBXFileReference; lastKnownFileType = sourcecode.swift; path = FriendViewControllerTest.swift; sourceTree = "<group>"; };
/* End PBXFileReference section */

/* Begin PBXFrameworksBuildPhase section */
		7554655F2BB41AE4008AE080 /* Frameworks */ = {
			isa = PBXFrameworksBuildPhase;
			buildActionMask = 2147483647;
			files = (
			);
			runOnlyForDeploymentPostprocessing = 0;
		};
		75F630D12BB747F700AE1D45 /* Frameworks */ = {
			isa = PBXFrameworksBuildPhase;
			buildActionMask = 2147483647;
			files = (
			);
			runOnlyForDeploymentPostprocessing = 0;
		};
/* End PBXFrameworksBuildPhase section */

/* Begin PBXGroup section */
		755465592BB41AE4008AE080 = {
			isa = PBXGroup;
			children = (
				755465642BB41AE4008AE080 /* swift_2_project */,
				75F630D52BB747F700AE1D45 /* swift_2_projectTests */,
				755465632BB41AE4008AE080 /* Products */,
			);
			sourceTree = "<group>";
		};
		755465632BB41AE4008AE080 /* Products */ = {
			isa = PBXGroup;
			children = (
				755465622BB41AE4008AE080 /* swift_2_project.app */,
				75F630D42BB747F700AE1D45 /* swift_2_projectTests.xctest */,
			);
			name = Products;
			sourceTree = "<group>";
		};
		755465642BB41AE4008AE080 /* swift_2_project */ = {
			isa = PBXGroup;
			children = (
				755465652BB41AE4008AE080 /* AppDelegate.swift */,
				755465672BB41AE4008AE080 /* SceneDelegate.swift */,
				755465692BB41AE4008AE080 /* ViewController.swift */,
				7554656E2BB41AE6008AE080 /* Assets.xcassets */,
				755465702BB41AE6008AE080 /* LaunchScreen.storyboard */,
				755465732BB41AE6008AE080 /* Info.plist */,
				7554657C2BB41B40008AE080 /* FriendViewController.swift */,
				7554657D2BB41B40008AE080 /* GroupsViewController.swift */,
				755465812BB41B40008AE080 /* PhotosViewController.swift */,
				7554657F2BB41B40008AE080 /* FriendCell.swift */,
				7554657E2BB41B40008AE080 /* GroupCell.swift */,
				7554657B2BB41B40008AE080 /* PhotoCell.swift */,
				7554658C2BB42C81008AE080 /* ImageViewController.swift */,
				755465802BB41B40008AE080 /* Constants.swift */,
				755465912BB43076008AE080 /* NetworkService.swift */,
				7554659B2BB430EA008AE080 /* FriendsModel.swift */,
				7554659F2BB430EF008AE080 /* GroupsModel.swift */,
				7554659E2BB430EE008AE080 /* PhotosModel.swift */,
				75B206652BB5DB61008DB8A0 /* ProfileViewController.swift */,
				75B206712BB5DD32008DB8A0 /* UserModel.swift */,
				75B2066B2BB5DCB7008DB8A0 /* FileCache.swift */,
				75B2067C2BB5F7E1008DB8A0 /* DataModel.xcdatamodeld */,
				75B2065F2BB5D88F008DB8A0 /* Theme.swift */,
				75B206622BB5DAA5008DB8A0 /* ThemeSaver.swift */,
				75B206682BB5DB99008DB8A0 /* ThemeView.swift */,
				75B2066E2BB5DD04008DB8A0 /* DateHelper.swift */,
			);
			path = swift_2_project;
			sourceTree = "<group>";
		};
		75F630D52BB747F700AE1D45 /* swift_2_projectTests */ = {
			isa = PBXGroup;
			children = (
				75F630D62BB747F700AE1D45 /* swift_2_projectTests.swift */,
				75F630D82BB747F700AE1D45 /* Info.plist */,
				75F630E82BB7569700AE1D45 /* FriendViewControllerTest.swift */,
			);
			path = swift_2_projectTests;
			sourceTree = "<group>";
		};
/* End PBXGroup section */

/* Begin PBXNativeTarget section */
		755465612BB41AE4008AE080 /* swift_2_project */ = {
			isa = PBXNativeTarget;
			buildConfigurationList = 755465762BB41AE6008AE080 /* Build configuration list for PBXNativeTarget "swift_2_project" */;
			buildPhases = (
				7554655E2BB41AE4008AE080 /* Sources */,
				7554655F2BB41AE4008AE080 /* Frameworks */,
				755465602BB41AE4008AE080 /* Resources */,
			);
			buildRules = (
			);
			dependencies = (
			);
			name = swift_2_project;
			productName = swift_2_project;
			productReference = 755465622BB41AE4008AE080 /* swift_2_project.app */;
			productType = "com.apple.product-type.application";
		};
		75F630D32BB747F700AE1D45 /* swift_2_projectTests */ = {
			isa = PBXNativeTarget;
			buildConfigurationList = 75F630DD2BB747F700AE1D45 /* Build configuration list for PBXNativeTarget "swift_2_projectTests" */;
			buildPhases = (
				75F630D02BB747F700AE1D45 /* Sources */,
				75F630D12BB747F700AE1D45 /* Frameworks */,
				75F630D22BB747F700AE1D45 /* Resources */,
			);
			buildRules = (
			);
			dependencies = (
				75F630DA2BB747F700AE1D45 /* PBXTargetDependency */,
			);
			name = swift_2_projectTests;
			productName = swift_2_projectTests;
			productReference = 75F630D42BB747F700AE1D45 /* swift_2_projectTests.xctest */;
			productType = "com.apple.product-type.bundle.unit-test";
		};
/* End PBXNativeTarget section */

/* Begin PBXProject section */
		7554655A2BB41AE4008AE080 /* Project object */ = {
			isa = PBXProject;
			attributes = {
				LastSwiftUpdateCheck = 1240;
				LastUpgradeCheck = 1240;
				TargetAttributes = {
					755465612BB41AE4008AE080 = {
						CreatedOnToolsVersion = 12.4;
					};
					75F630D32BB747F700AE1D45 = {
						CreatedOnToolsVersion = 12.4;
						TestTargetID = 755465612BB41AE4008AE080;
					};
				};
			};
			buildConfigurationList = 7554655D2BB41AE4008AE080 /* Build configuration list for PBXProject "swift_2_project" */;
			compatibilityVersion = "Xcode 9.3";
			developmentRegion = en;
			hasScannedForEncodings = 0;
			knownRegions = (
				en,
				Base,
			);
			mainGroup = 755465592BB41AE4008AE080;
			productRefGroup = 755465632BB41AE4008AE080 /* Products */;
			projectDirPath = "";
			projectRoot = "";
			targets = (
				755465612BB41AE4008AE080 /* swift_2_project */,
				75F630D32BB747F700AE1D45 /* swift_2_projectTests */,
			);
		};
/* End PBXProject section */

/* Begin PBXResourcesBuildPhase section */
		755465602BB41AE4008AE080 /* Resources */ = {
			isa = PBXResourcesBuildPhase;
			buildActionMask = 2147483647;
			files = (
				755465722BB41AE6008AE080 /* LaunchScreen.storyboard in Resources */,
				7554656F2BB41AE6008AE080 /* Assets.xcassets in Resources */,
			);
			runOnlyForDeploymentPostprocessing = 0;
		};
		75F630D22BB747F700AE1D45 /* Resources */ = {
			isa = PBXResourcesBuildPhase;
			buildActionMask = 2147483647;
			files = (
			);
			runOnlyForDeploymentPostprocessing = 0;
		};
/* End PBXResourcesBuildPhase section */

/* Begin PBXSourcesBuildPhase section */
		7554655E2BB41AE4008AE080 /* Sources */ = {
			isa = PBXSourcesBuildPhase;
			buildActionMask = 2147483647;
			files = (
				75B206692BB5DB99008DB8A0 /* ThemeView.swift in Sources */,
				7554658D2BB42C81008AE080 /* ImageViewController.swift in Sources */,
				755465852BB41B40008AE080 /* GroupCell.swift in Sources */,
				75B206632BB5DAA5008DB8A0 /* ThemeSaver.swift in Sources */,
				755465822BB41B40008AE080 /* PhotoCell.swift in Sources */,
				7554656A2BB41AE4008AE080 /* ViewController.swift in Sources */,
				755465A02BB430EF008AE080 /* PhotosModel.swift in Sources */,
				75B206662BB5DB61008DB8A0 /* ProfileViewController.swift in Sources */,
				755465862BB41B40008AE080 /* FriendCell.swift in Sources */,
				75B2067E2BB5F7E1008DB8A0 /* DataModel.xcdatamodeld in Sources */,
				755465842BB41B40008AE080 /* GroupsViewController.swift in Sources */,
				75B206722BB5DD32008DB8A0 /* UserModel.swift in Sources */,
				755465662BB41AE4008AE080 /* AppDelegate.swift in Sources */,
				755465682BB41AE4008AE080 /* SceneDelegate.swift in Sources */,
				75B2066F2BB5DD04008DB8A0 /* DateHelper.swift in Sources */,
				75B206602BB5D88F008DB8A0 /* Theme.swift in Sources */,
				7554659C2BB430EA008AE080 /* FriendsModel.swift in Sources */,
				755465832BB41B40008AE080 /* FriendViewController.swift in Sources */,
				755465872BB41B40008AE080 /* Constants.swift in Sources */,
				755465A12BB430EF008AE080 /* GroupsModel.swift in Sources */,
				755465922BB43076008AE080 /* NetworkService.swift in Sources */,
				75B2066C2BB5DCB7008DB8A0 /* FileCache.swift in Sources */,
				755465882BB41B40008AE080 /* PhotosViewController.swift in Sources */,
			);
			runOnlyForDeploymentPostprocessing = 0;
		};
		75F630D02BB747F700AE1D45 /* Sources */ = {
			isa = PBXSourcesBuildPhase;
			buildActionMask = 2147483647;
			files = (
				75F630E92BB7569700AE1D45 /* FriendViewControllerTest.swift in Sources */,
				75F630D72BB747F700AE1D45 /* swift_2_projectTests.swift in Sources */,
			);
			runOnlyForDeploymentPostprocessing = 0;
		};
/* End PBXSourcesBuildPhase section */

/* Begin PBXTargetDependency section */
		75F630DA2BB747F700AE1D45 /* PBXTargetDependency */ = {
			isa = PBXTargetDependency;
			target = 755465612BB41AE4008AE080 /* swift_2_project */;
			targetProxy = 75F630D92BB747F700AE1D45 /* PBXContainerItemProxy */;
		};
/* End PBXTargetDependency section */

/* Begin PBXVariantGroup section */
		755465702BB41AE6008AE080 /* LaunchScreen.storyboard */ = {
			isa = PBXVariantGroup;
			children = (
				755465712BB41AE6008AE080 /* Base */,
			);
			name = LaunchScreen.storyboard;
			sourceTree = "<group>";
		};
/* End PBXVariantGroup section */

/* Begin XCBuildConfiguration section */
		755465742BB41AE6008AE080 /* Debug */ = {
			isa = XCBuildConfiguration;
			buildSettings = {
				ALWAYS_SEARCH_USER_PATHS = NO;
				CLANG_ANALYZER_NONNULL = YES;
				CLANG_ANALYZER_NUMBER_OBJECT_CONVERSION = YES_AGGRESSIVE;
				CLANG_CXX_LANGUAGE_STANDARD = "gnu++14";
				CLANG_CXX_LIBRARY = "libc++";
				CLANG_ENABLE_MODULES = YES;
				CLANG_ENABLE_OBJC_ARC = YES;
				CLANG_ENABLE_OBJC_WEAK = YES;
				CLANG_WARN_BLOCK_CAPTURE_AUTORELEASING = YES;
				CLANG_WARN_BOOL_CONVERSION = YES;
				CLANG_WARN_COMMA = YES;
				CLANG_WARN_CONSTANT_CONVERSION = YES;
				CLANG_WARN_DEPRECATED_OBJC_IMPLEMENTATIONS = YES;
				CLANG_WARN_DIRECT_OBJC_ISA_USAGE = YES_ERROR;
				CLANG_WARN_DOCUMENTATION_COMMENTS = YES;
				CLANG_WARN_EMPTY_BODY = YES;
				CLANG_WARN_ENUM_CONVERSION = YES;
				CLANG_WARN_INFINITE_RECURSION = YES;
				CLANG_WARN_INT_CONVERSION = YES;
				CLANG_WARN_NON_LITERAL_NULL_CONVERSION = YES;
				CLANG_WARN_OBJC_IMPLICIT_RETAIN_SELF = YES;
				CLANG_WARN_OBJC_LITERAL_CONVERSION = YES;
				CLANG_WARN_OBJC_ROOT_CLASS = YES_ERROR;
				CLANG_WARN_QUOTED_INCLUDE_IN_FRAMEWORK_HEADER = YES;
				CLANG_WARN_RANGE_LOOP_ANALYSIS = YES;
				CLANG_WARN_STRICT_PROTOTYPES = YES;
				CLANG_WARN_SUSPICIOUS_MOVE = YES;
				CLANG_WARN_UNGUARDED_AVAILABILITY = YES_AGGRESSIVE;
				CLANG_WARN_UNREACHABLE_CODE = YES;
				CLANG_WARN__DUPLICATE_METHOD_MATCH = YES;
				COPY_PHASE_STRIP = NO;
				DEBUG_INFORMATION_FORMAT = dwarf;
				ENABLE_STRICT_OBJC_MSGSEND = YES;
				ENABLE_TESTABILITY = YES;
				GCC_C_LANGUAGE_STANDARD = gnu11;
				GCC_DYNAMIC_NO_PIC = NO;
				GCC_NO_COMMON_BLOCKS = YES;
				GCC_OPTIMIZATION_LEVEL = 0;
				GCC_PREPROCESSOR_DEFINITIONS = (
					"DEBUG=1",
					"$(inherited)",
				);
				GCC_WARN_64_TO_32_BIT_CONVERSION = YES;
				GCC_WARN_ABOUT_RETURN_TYPE = YES_ERROR;
				GCC_WARN_UNDECLARED_SELECTOR = YES;
				GCC_WARN_UNINITIALIZED_AUTOS = YES_AGGRESSIVE;
				GCC_WARN_UNUSED_FUNCTION = YES;
				GCC_WARN_UNUSED_VARIABLE = YES;
				IPHONEOS_DEPLOYMENT_TARGET = 14.4;
				MTL_ENABLE_DEBUG_INFO = INCLUDE_SOURCE;
				MTL_FAST_MATH = YES;
				ONLY_ACTIVE_ARCH = YES;
				SDKROOT = iphoneos;
				SWIFT_ACTIVE_COMPILATION_CONDITIONS = DEBUG;
				SWIFT_OPTIMIZATION_LEVEL = "-Onone";
			};
			name = Debug;
		};
		755465752BB41AE6008AE080 /* Release */ = {
			isa = XCBuildConfiguration;
			buildSettings = {
				ALWAYS_SEARCH_USER_PATHS = NO;
				CLANG_ANALYZER_NONNULL = YES;
				CLANG_ANALYZER_NUMBER_OBJECT_CONVERSION = YES_AGGRESSIVE;
				CLANG_CXX_LANGUAGE_STANDARD = "gnu++14";
				CLANG_CXX_LIBRARY = "libc++";
				CLANG_ENABLE_MODULES = YES;
				CLANG_ENABLE_OBJC_ARC = YES;
				CLANG_ENABLE_OBJC_WEAK = YES;
				CLANG_WARN_BLOCK_CAPTURE_AUTORELEASING = YES;
				CLANG_WARN_BOOL_CONVERSION = YES;
				CLANG_WARN_COMMA = YES;
				CLANG_WARN_CONSTANT_CONVERSION = YES;
				CLANG_WARN_DEPRECATED_OBJC_IMPLEMENTATIONS = YES;
				CLANG_WARN_DIRECT_OBJC_ISA_USAGE = YES_ERROR;
				CLANG_WARN_DOCUMENTATION_COMMENTS = YES;
				CLANG_WARN_EMPTY_BODY = YES;
				CLANG_WARN_ENUM_CONVERSION = YES;
				CLANG_WARN_INFINITE_RECURSION = YES;
				CLANG_WARN_INT_CONVERSION = YES;
				CLANG_WARN_NON_LITERAL_NULL_CONVERSION = YES;
				CLANG_WARN_OBJC_IMPLICIT_RETAIN_SELF = YES;
				CLANG_WARN_OBJC_LITERAL_CONVERSION = YES;
				CLANG_WARN_OBJC_ROOT_CLASS = YES_ERROR;
				CLANG_WARN_QUOTED_INCLUDE_IN_FRAMEWORK_HEADER = YES;
				CLANG_WARN_RANGE_LOOP_ANALYSIS = YES;
				CLANG_WARN_STRICT_PROTOTYPES = YES;
				CLANG_WARN_SUSPICIOUS_MOVE = YES;
				CLANG_WARN_UNGUARDED_AVAILABILITY = YES_AGGRESSIVE;
				CLANG_WARN_UNREACHABLE_CODE = YES;
				CLANG_WARN__DUPLICATE_METHOD_MATCH = YES;
				COPY_PHASE_STRIP = NO;
				DEBUG_INFORMATION_FORMAT = "dwarf-with-dsym";
				ENABLE_NS_ASSERTIONS = NO;
				ENABLE_STRICT_OBJC_MSGSEND = YES;
				GCC_C_LANGUAGE_STANDARD = gnu11;
				GCC_NO_COMMON_BLOCKS = YES;
				GCC_WARN_64_TO_32_BIT_CONVERSION = YES;
				GCC_WARN_ABOUT_RETURN_TYPE = YES_ERROR;
				GCC_WARN_UNDECLARED_SELECTOR = YES;
				GCC_WARN_UNINITIALIZED_AUTOS = YES_AGGRESSIVE;
				GCC_WARN_UNUSED_FUNCTION = YES;
				GCC_WARN_UNUSED_VARIABLE = YES;
				IPHONEOS_DEPLOYMENT_TARGET = 14.4;
				MTL_ENABLE_DEBUG_INFO = NO;
				MTL_FAST_MATH = YES;
				SDKROOT = iphoneos;
				SWIFT_COMPILATION_MODE = wholemodule;
				SWIFT_OPTIMIZATION_LEVEL = "-O";
				VALIDATE_PRODUCT = YES;
			};
			name = Release;
		};
		755465772BB41AE6008AE080 /* Debug */ = {
			isa = XCBuildConfiguration;
			buildSettings = {
				ASSETCATALOG_COMPILER_APPICON_NAME = AppIcon;
				ASSETCATALOG_COMPILER_GLOBAL_ACCENT_COLOR_NAME = AccentColor;
				CODE_SIGN_STYLE = Automatic;
				INFOPLIST_FILE = swift_2_project/Info.plist;
				LD_RUNPATH_SEARCH_PATHS = (
					"$(inherited)",
					"@executable_path/Frameworks",
				);
				PRODUCT_BUNDLE_IDENTIFIER = "-23.swift-2-project";
				PRODUCT_NAME = "$(TARGET_NAME)";
				SWIFT_VERSION = 5.0;
				TARGETED_DEVICE_FAMILY = "1,2";
			};
			name = Debug;
		};
		755465782BB41AE6008AE080 /* Release */ = {
			isa = XCBuildConfiguration;
			buildSettings = {
				ASSETCATALOG_COMPILER_APPICON_NAME = AppIcon;
				ASSETCATALOG_COMPILER_GLOBAL_ACCENT_COLOR_NAME = AccentColor;
				CODE_SIGN_STYLE = Automatic;
				INFOPLIST_FILE = swift_2_project/Info.plist;
				LD_RUNPATH_SEARCH_PATHS = (
					"$(inherited)",
					"@executable_path/Frameworks",
				);
				PRODUCT_BUNDLE_IDENTIFIER = "-23.swift-2-project";
				PRODUCT_NAME = "$(TARGET_NAME)";
				SWIFT_VERSION = 5.0;
				TARGETED_DEVICE_FAMILY = "1,2";
			};
			name = Release;
		};
		75F630DB2BB747F700AE1D45 /* Debug */ = {
			isa = XCBuildConfiguration;
			buildSettings = {
				BUNDLE_LOADER = "$(TEST_HOST)";
				CODE_SIGN_STYLE = Automatic;
				INFOPLIST_FILE = swift_2_projectTests/Info.plist;
				LD_RUNPATH_SEARCH_PATHS = (
					"$(inherited)",
					"@executable_path/Frameworks",
					"@loader_path/Frameworks",
				);
				PRODUCT_BUNDLE_IDENTIFIER = "-23.swift-2-projectTests";
				PRODUCT_NAME = "$(TARGET_NAME)";
				SWIFT_VERSION = 5.0;
				TARGETED_DEVICE_FAMILY = "1,2";
				TEST_HOST = "$(BUILT_PRODUCTS_DIR)/swift_2_project.app/swift_2_project";
			};
			name = Debug;
		};
		75F630DC2BB747F700AE1D45 /* Release */ = {
			isa = XCBuildConfiguration;
			buildSettings = {
				BUNDLE_LOADER = "$(TEST_HOST)";
				CODE_SIGN_STYLE = Automatic;
				INFOPLIST_FILE = swift_2_projectTests/Info.plist;
				LD_RUNPATH_SEARCH_PATHS = (
					"$(inherited)",
					"@executable_path/Frameworks",
					"@loader_path/Frameworks",
				);
				PRODUCT_BUNDLE_IDENTIFIER = "-23.swift-2-projectTests";
				PRODUCT_NAME = "$(TARGET_NAME)";
				SWIFT_VERSION = 5.0;
				TARGETED_DEVICE_FAMILY = "1,2";
				TEST_HOST = "$(BUILT_PRODUCTS_DIR)/swift_2_project.app/swift_2_project";
			};
			name = Release;
		};
/* End XCBuildConfiguration section */

/* Begin XCConfigurationList section */
		7554655D2BB41AE4008AE080 /* Build configuration list for PBXProject "swift_2_project" */ = {
			isa = XCConfigurationList;
			buildConfigurations = (
				755465742BB41AE6008AE080 /* Debug */,
				755465752BB41AE6008AE080 /* Release */,
			);
			defaultConfigurationIsVisible = 0;
			defaultConfigurationName = Release;
		};
		755465762BB41AE6008AE080 /* Build configuration list for PBXNativeTarget "swift_2_project" */ = {
			isa = XCConfigurationList;
			buildConfigurations = (
				755465772BB41AE6008AE080 /* Debug */,
				755465782BB41AE6008AE080 /* Release */,
			);
			defaultConfigurationIsVisible = 0;
			defaultConfigurationName = Release;
		};
		75F630DD2BB747F700AE1D45 /* Build configuration list for PBXNativeTarget "swift_2_projectTests" */ = {
			isa = XCConfigurationList;
			buildConfigurations = (
				75F630DB2BB747F700AE1D45 /* Debug */,
				75F630DC2BB747F700AE1D45 /* Release */,
			);
			defaultConfigurationIsVisible = 0;
			defaultConfigurationName = Release;
		};
/* End XCConfigurationList section */

/* Begin XCVersionGroup section */
		75B2067C2BB5F7E1008DB8A0 /* DataModel.xcdatamodeld */ = {
			isa = XCVersionGroup;
			children = (
				75B2067D2BB5F7E1008DB8A0 /* DataModel.xcdatamodel */,
			);
			currentVersion = 75B2067D2BB5F7E1008DB8A0 /* DataModel.xcdatamodel */;
			path = DataModel.xcdatamodeld;
			sourceTree = "<group>";
			versionGroupType = wrapper.xcdatamodel;
		};
/* End XCVersionGroup section */
	};
	rootObject = 7554655A2BB41AE4008AE080 /* Project object */;
}
